
Microsoft Visual Studio Solution File, Format Version 12.00
# Visual Studio Version 17
VisualStudioVersion = 17.8.34322.80
MinimumVisualStudioVersion = 10.0.40219.1
Project("{9A19103F-16F7-4668-BE54-9A1E7A4F7556}") = "DotnetRabbitMQSender", "DotnetRabbitMQDemo\DotnetRabbitMQSender.csproj", "{6CDA146B-6C9E-46B2-A0AE-70077CECF975}"
EndProject
Project("{9A19103F-16F7-4668-BE54-9A1E7A4F7556}") = "DotnetRabbitMQReciever", "DotnetRabbitMQReciever\DotnetRabbitMQReciever.csproj", "{8CFD2F2D-4FBF-4FF8-99F5-62B3EBDC77DE}"
EndProject
Project("{FAE04EC0-301F-11D3-BF4B-00C04F79EFBC}") = "Events", "Events\Events.csproj", "{8BCBB3F0-7928-47C6-959C-A834FBDB03EA}"
EndProject
Global
	GlobalSection(SolutionConfigurationPlatforms) = preSolution
		Debug|Any CPU = Debug|Any CPU
		Release|Any CPU = Release|Any CPU
	EndGlobalSection
	GlobalSection(ProjectConfigurationPlatforms) = postSolution
		{6CDA146B-6C9E-46B2-A0AE-70077CECF975}.Debug|Any CPU.ActiveCfg = Debug|Any CPU
		{6CDA146B-6C9E-46B2-A0AE-70077CECF975}.Debug|Any CPU.Build.0 = Debug|Any CPU
		{6CDA146B-6C9E-46B2-A0AE-70077CECF975}.Release|Any CPU.ActiveCfg = Release|Any CPU
		{6CDA146B-6C9E-46B2-A0AE-70077CECF975}.Release|Any CPU.Build.0 = Release|Any CPU
		{8CFD2F2D-4FBF-4FF8-99F5-62B3EBDC77DE}.Debug|Any CPU.ActiveCfg = Debug|Any CPU
		{8CFD2F2D-4FBF-4FF8-99F5-62B3EBDC77DE}.Debug|Any CPU.Build.0 = Debug|Any CPU
		{8CFD2F2D-4FBF-4FF8-99F5-62B3EBDC77DE}.Release|Any CPU.ActiveCfg = Release|Any CPU
		{8CFD2F2D-4FBF-4FF8-99F5-62B3EBDC77DE}.Release|Any CPU.Build.0 = Release|Any CPU
		{8BCBB3F0-7928-47C6-959C-A834FBDB03EA}.Debug|Any CPU.ActiveCfg = Debug|Any CPU
		{8BCBB3F0-7928-47C6-959C-A834FBDB03EA}.Debug|Any CPU.Build.0 = Debug|Any CPU
		{8BCBB3F0-7928-47C6-959C-A834FBDB03EA}.Release|Any CPU.ActiveCfg = Release|Any CPU
		{8BCBB3F0-7928-47C6-959C-A834FBDB03EA}.Release|Any CPU.Build.0 = Release|Any CPU
	EndGlobalSection
	GlobalSection(SolutionProperties) = preSolution
		HideSolutionNode = FALSE
	EndGlobalSection
	GlobalSection(ExtensibilityGlobals) = postSolution
		SolutionGuid = {9A1324DE-08C2-4E40-B91F-490F06614CC3}
	EndGlobalSection
EndGlobal
